
Microsoft Visual Studio Solution File, Format Version 12.00
# Visual Studio Version 17
VisualStudioVersion = 17.5.002.0
MinimumVisualStudioVersion = 10.0.40219.1
Project("{9A19103F-16F7-4668-BE54-9A1E7A4F7556}") = "lab06-1", "lab06-1.csproj", "{F08860B1-0DB9-4031-B8E0-89EE13609527}"
EndProject
Global
	GlobalSection(SolutionConfigurationPlatforms) = preSolution
		Debug|Any CPU = Debug|Any CPU
		Release|Any CPU = Release|Any CPU
	EndGlobalSection
	GlobalSection(ProjectConfigurationPlatforms) = postSolution
		{F08860B1-0DB9-4031-B8E0-89EE13609527}.Debug|Any CPU.ActiveCfg = Debug|Any CPU
		{F08860B1-0DB9-4031-B8E0-89EE13609527}.Debug|Any CPU.Build.0 = Debug|Any CPU
		{F08860B1-0DB9-4031-B8E0-89EE13609527}.Release|Any CPU.ActiveCfg = Release|Any CPU
		{F08860B1-0DB9-4031-B8E0-89EE13609527}.Release|Any CPU.Build.0 = Release|Any CPU
	EndGlobalSection
	GlobalSection(SolutionProperties) = preSolution
		HideSolutionNode = FALSE
	EndGlobalSection
	GlobalSection(ExtensibilityGlobals) = postSolution
		SolutionGuid = {993AC5C5-837F-46FF-80F1-C4CC509FC8AC}
	EndGlobalSection
EndGlobal
